// !$*UTF8*$!
{
	archiveVersion = 1;
	classes = {
	};
	objectVersion = 56;
	objects = {

/* Begin PBXBuildFile section */
		167A960429AEB3F400E05AEA /* PuzzleApp.swift in Sources */ = {isa = PBXBuildFile; fileRef = 167A960329AEB3F400E05AEA /* PuzzleApp.swift */; };
		167A960629AEB3F400E05AEA /* ContentView.swift in Sources */ = {isa = PBXBuildFile; fileRef = 167A960529AEB3F400E05AEA /* ContentView.swift */; };
		167A960829AEB40500E05AEA /* Assets.xcassets in Resources */ = {isa = PBXBuildFile; fileRef = 167A960729AEB40500E05AEA /* Assets.xcassets */; };
		167A960B29AEB40500E05AEA /* Preview Assets.xcassets in Resources */ = {isa = PBXBuildFile; fileRef = 167A960A29AEB40500E05AEA /* Preview Assets.xcassets */; };
		167A961529AEB40700E05AEA /* PuzzleTests.swift in Sources */ = {isa = PBXBuildFile; fileRef = 167A961429AEB40700E05AEA /* PuzzleTests.swift */; };
		167A961F29AEB40700E05AEA /* PuzzleUITests.swift in Sources */ = {isa = PBXBuildFile; fileRef = 167A961E29AEB40700E05AEA /* PuzzleUITests.swift */; };
		167A962129AEB40700E05AEA /* PuzzleUITestsLaunchTests.swift in Sources */ = {isa = PBXBuildFile; fileRef = 167A962029AEB40700E05AEA /* PuzzleUITestsLaunchTests.swift */; };
		167A962E29AEB48800E05AEA /* DragableImage.swift in Sources */ = {isa = PBXBuildFile; fileRef = 167A962D29AEB48700E05AEA /* DragableImage.swift */; };
/* End PBXBuildFile section */

/* Begin PBXContainerItemProxy section */
		167A961129AEB40700E05AEA /* PBXContainerItemProxy */ = {
			isa = PBXContainerItemProxy;
			containerPortal = 167A95F829AEB3F400E05AEA /* Project object */;
			proxyType = 1;
			remoteGlobalIDString = 167A95FF29AEB3F400E05AEA;
			remoteInfo = Puzzle;
		};
		167A961B29AEB40700E05AEA /* PBXContainerItemProxy */ = {
			isa = PBXContainerItemProxy;
			containerPortal = 167A95F829AEB3F400E05AEA /* Project object */;
			proxyType = 1;
			remoteGlobalIDString = 167A95FF29AEB3F400E05AEA;
			remoteInfo = Puzzle;
		};
/* End PBXContainerItemProxy section */

/* Begin PBXFileReference section */
		167A960029AEB3F400E05AEA /* Puzzle.app */ = {isa = PBXFileReference; explicitFileType = wrapper.application; includeInIndex = 0; path = Puzzle.app; sourceTree = BUILT_PRODUCTS_DIR; };
		167A960329AEB3F400E05AEA /* PuzzleApp.swift */ = {isa = PBXFileReference; lastKnownFileType = sourcecode.swift; path = PuzzleApp.swift; sourceTree = "<group>"; };
		167A960529AEB3F400E05AEA /* ContentView.swift */ = {isa = PBXFileReference; lastKnownFileType = sourcecode.swift; path = ContentView.swift; sourceTree = "<group>"; };
		167A960729AEB40500E05AEA /* Assets.xcassets */ = {isa = PBXFileReference; lastKnownFileType = folder.assetcatalog; path = Assets.xcassets; sourceTree = "<group>"; };
		167A960A29AEB40500E05AEA /* Preview Assets.xcassets */ = {isa = PBXFileReference; lastKnownFileType = folder.assetcatalog; path = "Preview Assets.xcassets"; sourceTree = "<group>"; };
		167A961029AEB40600E05AEA /* PuzzleTests.xctest */ = {isa = PBXFileReference; explicitFileType = wrapper.cfbundle; includeInIndex = 0; path = PuzzleTests.xctest; sourceTree = BUILT_PRODUCTS_DIR; };
		167A961429AEB40700E05AEA /* PuzzleTests.swift */ = {isa = PBXFileReference; lastKnownFileType = sourcecode.swift; path = PuzzleTests.swift; sourceTree = "<group>"; };
		167A961A29AEB40700E05AEA /* PuzzleUITests.xctest */ = {isa = PBXFileReference; explicitFileType = wrapper.cfbundle; includeInIndex = 0; path = PuzzleUITests.xctest; sourceTree = BUILT_PRODUCTS_DIR; };
		167A961E29AEB40700E05AEA /* PuzzleUITests.swift */ = {isa = PBXFileReference; lastKnownFileType = sourcecode.swift; path = PuzzleUITests.swift; sourceTree = "<group>"; };
		167A962029AEB40700E05AEA /* PuzzleUITestsLaunchTests.swift */ = {isa = PBXFileReference; lastKnownFileType = sourcecode.swift; path = PuzzleUITestsLaunchTests.swift; sourceTree = "<group>"; };
		167A962D29AEB48700E05AEA /* DragableImage.swift */ = {isa = PBXFileReference; lastKnownFileType = sourcecode.swift; path = DragableImage.swift; sourceTree = "<group>"; };
/* End PBXFileReference section */

/* Begin PBXFrameworksBuildPhase section */
		167A95FD29AEB3F400E05AEA /* Frameworks */ = {
			isa = PBXFrameworksBuildPhase;
			buildActionMask = 2147483647;
			files = (
			);
			runOnlyForDeploymentPostprocessing = 0;
		};
		167A960D29AEB40600E05AEA /* Frameworks */ = {
			isa = PBXFrameworksBuildPhase;
			buildActionMask = 2147483647;
			files = (
			);
			runOnlyForDeploymentPostprocessing = 0;
		};
		167A961729AEB40700E05AEA /* Frameworks */ = {
			isa = PBXFrameworksBuildPhase;
			buildActionMask = 2147483647;
			files = (
			);
			runOnlyForDeploymentPostprocessing = 0;
		};
/* End PBXFrameworksBuildPhase section */

/* Begin PBXGroup section */
		167A95F729AEB3F400E05AEA = {
			isa = PBXGroup;
			children = (
				167A960229AEB3F400E05AEA /* Puzzle */,
				167A961329AEB40700E05AEA /* PuzzleTests */,
				167A961D29AEB40700E05AEA /* PuzzleUITests */,
				167A960129AEB3F400E05AEA /* Products */,
			);
			sourceTree = "<group>";
		};
		167A960129AEB3F400E05AEA /* Products */ = {
			isa = PBXGroup;
			children = (
				167A960029AEB3F400E05AEA /* Puzzle.app */,
				167A961029AEB40600E05AEA /* PuzzleTests.xctest */,
				167A961A29AEB40700E05AEA /* PuzzleUITests.xctest */,
			);
			name = Products;
			sourceTree = "<group>";
		};
		167A960229AEB3F400E05AEA /* Puzzle */ = {
			isa = PBXGroup;
			children = (
				167A960329AEB3F400E05AEA /* PuzzleApp.swift */,
				167A960529AEB3F400E05AEA /* ContentView.swift */,
				167A962D29AEB48700E05AEA /* DragableImage.swift */,
				167A960729AEB40500E05AEA /* Assets.xcassets */,
				167A960929AEB40500E05AEA /* Preview Content */,
			);
			path = Puzzle;
			sourceTree = "<group>";
		};
		167A960929AEB40500E05AEA /* Preview Content */ = {
			isa = PBXGroup;
			children = (
				167A960A29AEB40500E05AEA /* Preview Assets.xcassets */,
			);
			path = "Preview Content";
			sourceTree = "<group>";
		};
		167A961329AEB40700E05AEA /* PuzzleTests */ = {
			isa = PBXGroup;
			children = (
				167A961429AEB40700E05AEA /* PuzzleTests.swift */,
			);
			path = PuzzleTests;
			sourceTree = "<group>";
		};
		167A961D29AEB40700E05AEA /* PuzzleUITests */ = {
			isa = PBXGroup;
			children = (
				167A961E29AEB40700E05AEA /* PuzzleUITests.swift */,
				167A962029AEB40700E05AEA /* PuzzleUITestsLaunchTests.swift */,
			);
			path = PuzzleUITests;
			sourceTree = "<group>";
		};
/* End PBXGroup section */

/* Begin PBXNativeTarget section */
		167A95FF29AEB3F400E05AEA /* Puzzle */ = {
			isa = PBXNativeTarget;
			buildConfigurationList = 167A962429AEB40700E05AEA /* Build configuration list for PBXNativeTarget "Puzzle" */;
			buildPhases = (
				167A95FC29AEB3F400E05AEA /* Sources */,
				167A95FD29AEB3F400E05AEA /* Frameworks */,
				167A95FE29AEB3F400E05AEA /* Resources */,
			);
			buildRules = (
			);
			dependencies = (
			);
			name = Puzzle;
			productName = Puzzle;
			productReference = 167A960029AEB3F400E05AEA /* Puzzle.app */;
			productType = "com.apple.product-type.application";
		};
		167A960F29AEB40600E05AEA /* PuzzleTests */ = {
			isa = PBXNativeTarget;
			buildConfigurationList = 167A962729AEB40700E05AEA /* Build configuration list for PBXNativeTarget "PuzzleTests" */;
			buildPhases = (
				167A960C29AEB40600E05AEA /* Sources */,
				167A960D29AEB40600E05AEA /* Frameworks */,
				167A960E29AEB40600E05AEA /* Resources */,
			);
			buildRules = (
			);
			dependencies = (
				167A961229AEB40700E05AEA /* PBXTargetDependency */,
			);
			name = PuzzleTests;
			productName = PuzzleTests;
			productReference = 167A961029AEB40600E05AEA /* PuzzleTests.xctest */;
			productType = "com.apple.product-type.bundle.unit-test";
		};
		167A961929AEB40700E05AEA /* PuzzleUITests */ = {
			isa = PBXNativeTarget;
			buildConfigurationList = 167A962A29AEB40700E05AEA /* Build configuration list for PBXNativeTarget "PuzzleUITests" */;
			buildPhases = (
				167A961629AEB40700E05AEA /* Sources */,
				167A961729AEB40700E05AEA /* Frameworks */,
				167A961829AEB40700E05AEA /* Resources */,
			);
			buildRules = (
			);
			dependencies = (
				167A961C29AEB40700E05AEA /* PBXTargetDependency */,
			);
			name = PuzzleUITests;
			productName = PuzzleUITests;
			productReference = 167A961A29AEB40700E05AEA /* PuzzleUITests.xctest */;
			productType = "com.apple.product-type.bundle.ui-testing";
		};
/* End PBXNativeTarget section */

/* Begin PBXProject section */
		167A95F829AEB3F400E05AEA /* Project object */ = {
			isa = PBXProject;
			attributes = {
				BuildIndependentTargetsInParallel = 1;
				LastSwiftUpdateCheck = 1400;
				LastUpgradeCheck = 1400;
				TargetAttributes = {
					167A95FF29AEB3F400E05AEA = {
						CreatedOnToolsVersion = 14.0.1;
					};
					167A960F29AEB40600E05AEA = {
						CreatedOnToolsVersion = 14.0.1;
						TestTargetID = 167A95FF29AEB3F400E05AEA;
					};
					167A961929AEB40700E05AEA = {
						CreatedOnToolsVersion = 14.0.1;
						TestTargetID = 167A95FF29AEB3F400E05AEA;
					};
				};
			};
			buildConfigurationList = 167A95FB29AEB3F400E05AEA /* Build configuration list for PBXProject "Puzzle" */;
			compatibilityVersion = "Xcode 14.0";
			developmentRegion = en;
			hasScannedForEncodings = 0;
			knownRegions = (
				en,
				Base,
			);
			mainGroup = 167A95F729AEB3F400E05AEA;
			productRefGroup = 167A960129AEB3F400E05AEA /* Products */;
			projectDirPath = "";
			projectRoot = "";
			targets = (
				167A95FF29AEB3F400E05AEA /* Puzzle */,
				167A960F29AEB40600E05AEA /* PuzzleTests */,
				167A961929AEB40700E05AEA /* PuzzleUITests */,
			);
		};
/* End PBXProject section */

/* Begin PBXResourcesBuildPhase section */
		167A95FE29AEB3F400E05AEA /* Resources */ = {
			isa = PBXResourcesBuildPhase;
			buildActionMask = 2147483647;
			files = (
				167A960B29AEB40500E05AEA /* Preview Assets.xcassets in Resources */,
				167A960829AEB40500E05AEA /* Assets.xcassets in Resources */,
			);
			runOnlyForDeploymentPostprocessing = 0;
		};
		167A960E29AEB40600E05AEA /* Resources */ = {
			isa = PBXResourcesBuildPhase;
			buildActionMask = 2147483647;
			files = (
			);
			runOnlyForDeploymentPostprocessing = 0;
		};
		167A961829AEB40700E05AEA /* Resources */ = {
			isa = PBXResourcesBuildPhase;
			buildActionMask = 2147483647;
			files = (
			);
			runOnlyForDeploymentPostprocessing = 0;
		};
/* End PBXResourcesBuildPhase section */

/* Begin PBXSourcesBuildPhase section */
		167A95FC29AEB3F400E05AEA /* Sources */ = {
			isa = PBXSourcesBuildPhase;
			buildActionMask = 2147483647;
			files = (
				167A962E29AEB48800E05AEA /* DragableImage.swift in Sources */,
				167A960629AEB3F400E05AEA /* ContentView.swift in Sources */,
				167A960429AEB3F400E05AEA /* PuzzleApp.swift in Sources */,
			);
			runOnlyForDeploymentPostprocessing = 0;
		};
		167A960C29AEB40600E05AEA /* Sources */ = {
			isa = PBXSourcesBuildPhase;
			buildActionMask = 2147483647;
			files = (
				167A961529AEB40700E05AEA /* PuzzleTests.swift in Sources */,
			);
			runOnlyForDeploymentPostprocessing = 0;
		};
		167A961629AEB40700E05AEA /* Sources */ = {
			isa = PBXSourcesBuildPhase;
			buildActionMask = 2147483647;
			files = (
				167A962129AEB40700E05AEA /* PuzzleUITestsLaunchTests.swift in Sources */,
				167A961F29AEB40700E05AEA /* PuzzleUITests.swift in Sources */,
			);
			runOnlyForDeploymentPostprocessing = 0;
		};
/* End PBXSourcesBuildPhase section */

/* Begin PBXTargetDependency section */
		167A961229AEB40700E05AEA /* PBXTargetDependency */ = {
			isa = PBXTargetDependency;
			target = 167A95FF29AEB3F400E05AEA /* Puzzle */;
			targetProxy = 167A961129AEB40700E05AEA /* PBXContainerItemProxy */;
		};
		167A961C29AEB40700E05AEA /* PBXTargetDependency */ = {
			isa = PBXTargetDependency;
			target = 167A95FF29AEB3F400E05AEA /* Puzzle */;
			targetProxy = 167A961B29AEB40700E05AEA /* PBXContainerItemProxy */;
		};
/* End PBXTargetDependency section */

/* Begin XCBuildConfiguration section */
		167A962229AEB40700E05AEA /* Debug */ = {
			isa = XCBuildConfiguration;
			buildSettings = {
				ALWAYS_SEARCH_USER_PATHS = NO;
				CLANG_ANALYZER_NONNULL = YES;
				CLANG_ANALYZER_NUMBER_OBJECT_CONVERSION = YES_AGGRESSIVE;
				CLANG_CXX_LANGUAGE_STANDARD = "gnu++20";
				CLANG_ENABLE_MODULES = YES;
				CLANG_ENABLE_OBJC_ARC = YES;
				CLANG_ENABLE_OBJC_WEAK = YES;
				CLANG_WARN_BLOCK_CAPTURE_AUTORELEASING = YES;
				CLANG_WARN_BOOL_CONVERSION = YES;
				CLANG_WARN_COMMA = YES;
				CLANG_WARN_CONSTANT_CONVERSION = YES;
				CLANG_WARN_DEPRECATED_OBJC_IMPLEMENTATIONS = YES;
				CLANG_WARN_DIRECT_OBJC_ISA_USAGE = YES_ERROR;
				CLANG_WARN_DOCUMENTATION_COMMENTS = YES;
				CLANG_WARN_EMPTY_BODY = YES;
				CLANG_WARN_ENUM_CONVERSION = YES;
				CLANG_WARN_INFINITE_RECURSION = YES;
				CLANG_WARN_INT_CONVERSION = YES;
				CLANG_WARN_NON_LITERAL_NULL_CONVERSION = YES;
				CLANG_WARN_OBJC_IMPLICIT_RETAIN_SELF = YES;
				CLANG_WARN_OBJC_LITERAL_CONVERSION = YES;
				CLANG_WARN_OBJC_ROOT_CLASS = YES_ERROR;
				CLANG_WARN_QUOTED_INCLUDE_IN_FRAMEWORK_HEADER = YES;
				CLANG_WARN_RANGE_LOOP_ANALYSIS = YES;
				CLANG_WARN_STRICT_PROTOTYPES = YES;
				CLANG_WARN_SUSPICIOUS_MOVE = YES;
				CLANG_WARN_UNGUARDED_AVAILABILITY = YES_AGGRESSIVE;
				CLANG_WARN_UNREACHABLE_CODE = YES;
				CLANG_WARN__DUPLICATE_METHOD_MATCH = YES;
				COPY_PHASE_STRIP = NO;
				DEBUG_INFORMATION_FORMAT = dwarf;
				ENABLE_STRICT_OBJC_MSGSEND = YES;
				ENABLE_TESTABILITY = YES;
				GCC_C_LANGUAGE_STANDARD = gnu11;
				GCC_DYNAMIC_NO_PIC = NO;
				GCC_NO_COMMON_BLOCKS = YES;
				GCC_OPTIMIZATION_LEVEL = 0;
				GCC_PREPROCESSOR_DEFINITIONS = (
					"DEBUG=1",
					"$(inherited)",
				);
				GCC_WARN_64_TO_32_BIT_CONVERSION = YES;
				GCC_WARN_ABOUT_RETURN_TYPE = YES_ERROR;
				GCC_WARN_UNDECLARED_SELECTOR = YES;
				GCC_WARN_UNINITIALIZED_AUTOS = YES_AGGRESSIVE;
				GCC_WARN_UNUSED_FUNCTION = YES;
				GCC_WARN_UNUSED_VARIABLE = YES;
				IPHONEOS_DEPLOYMENT_TARGET = 16.0;
				MTL_ENABLE_DEBUG_INFO = INCLUDE_SOURCE;
				MTL_FAST_MATH = YES;
				ONLY_ACTIVE_ARCH = YES;
				SDKROOT = iphoneos;
				SWIFT_ACTIVE_COMPILATION_CONDITIONS = DEBUG;
				SWIFT_OPTIMIZATION_LEVEL = "-Onone";
			};
			name = Debug;
		};
		167A962329AEB40700E05AEA /* Release */ = {
			isa = XCBuildConfiguration;
			buildSettings = {
				ALWAYS_SEARCH_USER_PATHS = NO;
				CLANG_ANALYZER_NONNULL = YES;
				CLANG_ANALYZER_NUMBER_OBJECT_CONVERSION = YES_AGGRESSIVE;
				CLANG_CXX_LANGUAGE_STANDARD = "gnu++20";
				CLANG_ENABLE_MODULES = YES;
				CLANG_ENABLE_OBJC_ARC = YES;
				CLANG_ENABLE_OBJC_WEAK = YES;
				CLANG_WARN_BLOCK_CAPTURE_AUTORELEASING = YES;
				CLANG_WARN_BOOL_CONVERSION = YES;
				CLANG_WARN_COMMA = YES;
				CLANG_WARN_CONSTANT_CONVERSION = YES;
				CLANG_WARN_DEPRECATED_OBJC_IMPLEMENTATIONS = YES;
				CLANG_WARN_DIRECT_OBJC_ISA_USAGE = YES_ERROR;
				CLANG_WARN_DOCUMENTATION_COMMENTS = YES;
				CLANG_WARN_EMPTY_BODY = YES;
				CLANG_WARN_ENUM_CONVERSION = YES;
				CLANG_WARN_INFINITE_RECURSION = YES;
				CLANG_WARN_INT_CONVERSION = YES;
				CLANG_WARN_NON_LITERAL_NULL_CONVERSION = YES;
				CLANG_WARN_OBJC_IMPLICIT_RETAIN_SELF = YES;
				CLANG_WARN_OBJC_LITERAL_CONVERSION = YES;
				CLANG_WARN_OBJC_ROOT_CLASS = YES_ERROR;
				CLANG_WARN_QUOTED_INCLUDE_IN_FRAMEWORK_HEADER = YES;
				CLANG_WARN_RANGE_LOOP_ANALYSIS = YES;
				CLANG_WARN_STRICT_PROTOTYPES = YES;
				CLANG_WARN_SUSPICIOUS_MOVE = YES;
				CLANG_WARN_UNGUARDED_AVAILABILITY = YES_AGGRESSIVE;
				CLANG_WARN_UNREACHABLE_CODE = YES;
				CLANG_WARN__DUPLICATE_METHOD_MATCH = YES;
				COPY_PHASE_STRIP = NO;
				DEBUG_INFORMATION_FORMAT = "dwarf-with-dsym";
				ENABLE_NS_ASSERTIONS = NO;
				ENABLE_STRICT_OBJC_MSGSEND = YES;
				GCC_C_LANGUAGE_STANDARD = gnu11;
				GCC_NO_COMMON_BLOCKS = YES;
				GCC_WARN_64_TO_32_BIT_CONVERSION = YES;
				GCC_WARN_ABOUT_RETURN_TYPE = YES_ERROR;
				GCC_WARN_UNDECLARED_SELECTOR = YES;
				GCC_WARN_UNINITIALIZED_AUTOS = YES_AGGRESSIVE;
				GCC_WARN_UNUSED_FUNCTION = YES;
				GCC_WARN_UNUSED_VARIABLE = YES;
				IPHONEOS_DEPLOYMENT_TARGET = 16.0;
				MTL_ENABLE_DEBUG_INFO = NO;
				MTL_FAST_MATH = YES;
				SDKROOT = iphoneos;
				SWIFT_COMPILATION_MODE = wholemodule;
				SWIFT_OPTIMIZATION_LEVEL = "-O";
				VALIDATE_PRODUCT = YES;
			};
			name = Release;
		};
		167A962529AEB40700E05AEA /* Debug */ = {
			isa = XCBuildConfiguration;
			buildSettings = {
				ASSETCATALOG_COMPILER_APPICON_NAME = AppIcon;
				ASSETCATALOG_COMPILER_GLOBAL_ACCENT_COLOR_NAME = AccentColor;
				CODE_SIGN_STYLE = Automatic;
				CURRENT_PROJECT_VERSION = 1;
				DEVELOPMENT_ASSET_PATHS = "\"Puzzle/Preview Content\"";
				ENABLE_PREVIEWS = YES;
				GENERATE_INFOPLIST_FILE = YES;
				INFOPLIST_KEY_UIApplicationSceneManifest_Generation = YES;
				INFOPLIST_KEY_UIApplicationSupportsIndirectInputEvents = YES;
				INFOPLIST_KEY_UILaunchScreen_Generation = YES;
				INFOPLIST_KEY_UISupportedInterfaceOrientations_iPad = "UIInterfaceOrientationPortrait UIInterfaceOrientationPortraitUpsideDown UIInterfaceOrientationLandscapeLeft UIInterfaceOrientationLandscapeRight";
				INFOPLIST_KEY_UISupportedInterfaceOrientations_iPhone = "UIInterfaceOrientationPortrait UIInterfaceOrientationLandscapeLeft UIInterfaceOrientationLandscapeRight";
				LD_RUNPATH_SEARCH_PATHS = (
					"$(inherited)",
					"@executable_path/Frameworks",
				);
				MARKETING_VERSION = 1.0;
				PRODUCT_BUNDLE_IDENTIFIER = XRDS.Puzzle;
				PRODUCT_NAME = "$(TARGET_NAME)";
				SWIFT_EMIT_LOC_STRINGS = YES;
				SWIFT_VERSION = 5.0;
				TARGETED_DEVICE_FAMILY = "1,2";
			};
			name = Debug;
		};
		167A962629AEB40700E05AEA /* Release */ = {
			isa = XCBuildConfiguration;
			buildSettings = {
				ASSETCATALOG_COMPILER_APPICON_NAME = AppIcon;
				ASSETCATALOG_COMPILER_GLOBAL_ACCENT_COLOR_NAME = AccentColor;
				CODE_SIGN_STYLE = Automatic;
				CURRENT_PROJECT_VERSION = 1;
				DEVELOPMENT_ASSET_PATHS = "\"Puzzle/Preview Content\"";
				ENABLE_PREVIEWS = YES;
				GENERATE_INFOPLIST_FILE = YES;
				INFOPLIST_KEY_UIApplicationSceneManifest_Generation = YES;
				INFOPLIST_KEY_UIApplicationSupportsIndirectInputEvents = YES;
				INFOPLIST_KEY_UILaunchScreen_Generation = YES;
				INFOPLIST_KEY_UISupportedInterfaceOrientations_iPad = "UIInterfaceOrientationPortrait UIInterfaceOrientationPortraitUpsideDown UIInterfaceOrientationLandscapeLeft UIInterfaceOrientationLandscapeRight";
				INFOPLIST_KEY_UISupportedInterfaceOrientations_iPhone = "UIInterfaceOrientationPortrait UIInterfaceOrientationLandscapeLeft UIInterfaceOrientationLandscapeRight";
				LD_RUNPATH_SEARCH_PATHS = (
					"$(inherited)",
					"@executable_path/Frameworks",
				);
				MARKETING_VERSION = 1.0;
				PRODUCT_BUNDLE_IDENTIFIER = XRDS.Puzzle;
				PRODUCT_NAME = "$(TARGET_NAME)";
				SWIFT_EMIT_LOC_STRINGS = YES;
				SWIFT_VERSION = 5.0;
				TARGETED_DEVICE_FAMILY = "1,2";
			};
			name = Release;
		};
		167A962829AEB40700E05AEA /* Debug */ = {
			isa = XCBuildConfiguration;
			buildSettings = {
				ALWAYS_EMBED_SWIFT_STANDARD_LIBRARIES = YES;
				BUNDLE_LOADER = "$(TEST_HOST)";
				CODE_SIGN_STYLE = Automatic;
				CURRENT_PROJECT_VERSION = 1;
				GENERATE_INFOPLIST_FILE = YES;
				IPHONEOS_DEPLOYMENT_TARGET = 16.0;
				MARKETING_VERSION = 1.0;
				PRODUCT_BUNDLE_IDENTIFIER = XRDS.PuzzleTests;
				PRODUCT_NAME = "$(TARGET_NAME)";
				SWIFT_EMIT_LOC_STRINGS = NO;
				SWIFT_VERSION = 5.0;
				TARGETED_DEVICE_FAMILY = "1,2";
				TEST_HOST = "$(BUILT_PRODUCTS_DIR)/Puzzle.app/$(BUNDLE_EXECUTABLE_FOLDER_PATH)/Puzzle";
			};
			name = Debug;
		};
		167A962929AEB40700E05AEA /* Release */ = {
			isa = XCBuildConfiguration;
			buildSettings = {
				ALWAYS_EMBED_SWIFT_STANDARD_LIBRARIES = YES;
				BUNDLE_LOADER = "$(TEST_HOST)";
				CODE_SIGN_STYLE = Automatic;
				CURRENT_PROJECT_VERSION = 1;
				GENERATE_INFOPLIST_FILE = YES;
				IPHONEOS_DEPLOYMENT_TARGET = 16.0;
				MARKETING_VERSION = 1.0;
				PRODUCT_BUNDLE_IDENTIFIER = XRDS.PuzzleTests;
				PRODUCT_NAME = "$(TARGET_NAME)";
				SWIFT_EMIT_LOC_STRINGS = NO;
				SWIFT_VERSION = 5.0;
				TARGETED_DEVICE_FAMILY = "1,2";
				TEST_HOST = "$(BUILT_PRODUCTS_DIR)/Puzzle.app/$(BUNDLE_EXECUTABLE_FOLDER_PATH)/Puzzle";
			};
			name = Release;
		};
		167A962B29AEB40700E05AEA /* Debug */ = {
			isa = XCBuildConfiguration;
			buildSettings = {
				ALWAYS_EMBED_SWIFT_STANDARD_LIBRARIES = YES;
				CODE_SIGN_STYLE = Automatic;
				CURRENT_PROJECT_VERSION = 1;
				GENERATE_INFOPLIST_FILE = YES;
				MARKETING_VERSION = 1.0;
				PRODUCT_BUNDLE_IDENTIFIER = XRDS.PuzzleUITests;
				PRODUCT_NAME = "$(TARGET_NAME)";
				SWIFT_EMIT_LOC_STRINGS = NO;
				SWIFT_VERSION = 5.0;
				TARGETED_DEVICE_FAMILY = "1,2";
				TEST_TARGET_NAME = Puzzle;
			};
			name = Debug;
		};
		167A962C29AEB40700E05AEA /* Release */ = {
			isa = XCBuildConfiguration;
			buildSettings = {
				ALWAYS_EMBED_SWIFT_STANDARD_LIBRARIES = YES;
				CODE_SIGN_STYLE = Automatic;
				CURRENT_PROJECT_VERSION = 1;
				GENERATE_INFOPLIST_FILE = YES;
				MARKETING_VERSION = 1.0;
				PRODUCT_BUNDLE_IDENTIFIER = XRDS.PuzzleUITests;
				PRODUCT_NAME = "$(TARGET_NAME)";
				SWIFT_EMIT_LOC_STRINGS = NO;
				SWIFT_VERSION = 5.0;
				TARGETED_DEVICE_FAMILY = "1,2";
				TEST_TARGET_NAME = Puzzle;
			};
			name = Release;
		};
/* End XCBuildConfiguration section */

/* Begin XCConfigurationList section */
		167A95FB29AEB3F400E05AEA /* Build configuration list for PBXProject "Puzzle" */ = {
			isa = XCConfigurationList;
			buildConfigurations = (
				167A962229AEB40700E05AEA /* Debug */,
				167A962329AEB40700E05AEA /* Release */,
			);
			defaultConfigurationIsVisible = 0;
			defaultConfigurationName = Release;
		};
		167A962429AEB40700E05AEA /* Build configuration list for PBXNativeTarget "Puzzle" */ = {
			isa = XCConfigurationList;
			buildConfigurations = (
				167A962529AEB40700E05AEA /* Debug */,
				167A962629AEB40700E05AEA /* Release */,
			);
			defaultConfigurationIsVisible = 0;
			defaultConfigurationName = Release;
		};
		167A962729AEB40700E05AEA /* Build configuration list for PBXNativeTarget "PuzzleTests" */ = {
			isa = XCConfigurationList;
			buildConfigurations = (
				167A962829AEB40700E05AEA /* Debug */,
				167A962929AEB40700E05AEA /* Release */,
			);
			defaultConfigurationIsVisible = 0;
			defaultConfigurationName = Release;
		};
		167A962A29AEB40700E05AEA /* Build configuration list for PBXNativeTarget "PuzzleUITests" */ = {
			isa = XCConfigurationList;
			buildConfigurations = (
				167A962B29AEB40700E05AEA /* Debug */,
				167A962C29AEB40700E05AEA /* Release */,
			);
			defaultConfigurationIsVisible = 0;
			defaultConfigurationName = Release;
		};
/* End XCConfigurationList section */
	};
	rootObject = 167A95F829AEB3F400E05AEA /* Project object */;
}
